// !$*UTF8*$!
{
	archiveVersion = 1;
	classes = {
	};
	objectVersion = 46;
	objects = {

/* Begin PBXBuildFile section */
		5228195418D704A2003FAB4C /* CourseListViewController.m in Sources */ = {isa = PBXBuildFile; fileRef = 5228195318D704A2003FAB4C /* CourseListViewController.m */; };
		5236F02018D43B0F00625EEE /* RecommendViewController.m in Sources */ = {isa = PBXBuildFile; fileRef = 5236F01F18D43B0F00625EEE /* RecommendViewController.m */; };
		5236F02318D4544300625EEE /* Pair.m in Sources */ = {isa = PBXBuildFile; fileRef = 5236F02218D4544300625EEE /* Pair.m */; };
		523B742418D607D900F82947 /* book.png in Resources */ = {isa = PBXBuildFile; fileRef = 523B741918D607D900F82947 /* book.png */; };
		523B742518D607D900F82947 /* book@2x.png in Resources */ = {isa = PBXBuildFile; fileRef = 523B741A18D607D900F82947 /* book@2x.png */; };
		523B742618D607D900F82947 /* chat.png in Resources */ = {isa = PBXBuildFile; fileRef = 523B741B18D607D900F82947 /* chat.png */; };
		523B742718D607D900F82947 /* chat@2x.png in Resources */ = {isa = PBXBuildFile; fileRef = 523B741C18D607D900F82947 /* chat@2x.png */; };
		523B742818D607D900F82947 /* check.png in Resources */ = {isa = PBXBuildFile; fileRef = 523B741D18D607D900F82947 /* check.png */; };
		523B742918D607D900F82947 /* check@2x.png in Resources */ = {isa = PBXBuildFile; fileRef = 523B741E18D607D900F82947 /* check@2x.png */; };
		523B742A18D607D900F82947 /* paper.png in Resources */ = {isa = PBXBuildFile; fileRef = 523B741F18D607D900F82947 /* paper.png */; };
		523B742B18D607D900F82947 /* paper@2x.png in Resources */ = {isa = PBXBuildFile; fileRef = 523B742018D607D900F82947 /* paper@2x.png */; };
		523B742C18D607D900F82947 /* user.png in Resources */ = {isa = PBXBuildFile; fileRef = 523B742118D607D900F82947 /* user.png */; };
		523B742D18D607D900F82947 /* user@2x.png in Resources */ = {isa = PBXBuildFile; fileRef = 523B742218D607D900F82947 /* user@2x.png */; };
		523B742E18D607D900F82947 /* videoviewdemo.mp4 in Resources */ = {isa = PBXBuildFile; fileRef = 523B742318D607D900F82947 /* videoviewdemo.mp4 */; };
		523B743118D6083A00F82947 /* CourseViewController.m in Sources */ = {isa = PBXBuildFile; fileRef = 523B743018D6083A00F82947 /* CourseViewController.m */; };
		523B743318D6096B00F82947 /* videoviewdemo.png in Resources */ = {isa = PBXBuildFile; fileRef = 523B743218D6096B00F82947 /* videoviewdemo.png */; };
		523B743918D612FB00F82947 /* TabViewController.m in Sources */ = {isa = PBXBuildFile; fileRef = 523B743818D612FB00F82947 /* TabViewController.m */; };
		523FFAAB18D5E979009AE923 /* CoursePageViewController.m in Sources */ = {isa = PBXBuildFile; fileRef = 523FFAAA18D5E979009AE923 /* CoursePageViewController.m */; };
		52411DAE18D5A1BD00904A79 /* ExamPageViewController.m in Sources */ = {isa = PBXBuildFile; fileRef = 52411DAD18D5A1BD00904A79 /* ExamPageViewController.m */; };
		52613D8518D9DF90001EFED5 /* wallpaper@2x.png in Resources */ = {isa = PBXBuildFile; fileRef = 52613D8418D9DF90001EFED5 /* wallpaper@2x.png */; };
		52613D8A18D9E1A4001EFED5 /* blue@2x.png in Resources */ = {isa = PBXBuildFile; fileRef = 52613D8618D9E1A4001EFED5 /* blue@2x.png */; };
		52613D8B18D9E1A4001EFED5 /* green@2x.png in Resources */ = {isa = PBXBuildFile; fileRef = 52613D8718D9E1A4001EFED5 /* green@2x.png */; };
		52613D8C18D9E1A4001EFED5 /* pink@2x.png in Resources */ = {isa = PBXBuildFile; fileRef = 52613D8818D9E1A4001EFED5 /* pink@2x.ng */; };
		52613D8D18D9E1A4001EFED5 /* yellow@2x.png in Resources */ = {isa = PBXBuildFile; fileRef = 52613D8918D9E1A4001EFED5 /* yellow@2x.png */; };
		52613D8F18D9E6DA001EFED5 /* link.png in Resources */ = {isa = PBXBuildFile; fileRef = 52613D8E18D9E6DA001EFED5 /* link.png */; };
		52613D9118D9EC9E001EFED5 /* small.png in Resources */ = {isa = PBXBuildFile; fileRef = 52613D9018D9EC9E001EFED5 /* small.png */; };
		52613D9418D9F4BD001EFED5 /* ExamFlipViewController.m in Sources */ = {isa = PBXBuildFile; fileRef = 52613D9318D9F4BD001EFED5 /* ExamFlipViewController.m */; };
		527B7F0718CF153A0027F4BE /* Foundation.framework in Frameworks */ = {isa = PBXBuildFile; fileRef = 527B7F0618CF153A0027F4BE /* Foundation.framework */; };
		527B7F0918CF153A0027F4BE /* CoreGraphics.framework in Frameworks */ = {isa = PBXBuildFile; fileRef = 527B7F0818CF153A0027F4BE /* CoreGraphics.framework */; };
		527B7F0B18CF153A0027F4BE /* UIKit.framework in Frameworks */ = {isa = PBXBuildFile; fileRef = 527B7F0A18CF153A0027F4BE /* UIKit.framework */; };
		527B7F1118CF153A0027F4BE /* InfoPlist.strings in Resources */ = {isa = PBXBuildFile; fileRef = 527B7F0F18CF153A0027F4BE /* InfoPlist.strings */; };
		527B7F1318CF153A0027F4BE /* main.m in Sources */ = {isa = PBXBuildFile; fileRef = 527B7F1218CF153A0027F4BE /* main.m */; };
		527B7F1718CF153A0027F4BE /* AppDelegate.m in Sources */ = {isa = PBXBuildFile; fileRef = 527B7F1618CF153A0027F4BE /* AppDelegate.m */; };
		527B7F1A18CF153A0027F4BE /* Main.storyboard in Resources */ = {isa = PBXBuildFile; fileRef = 527B7F1818CF153A0027F4BE /* Main.storyboard */; };
		527B7F2218CF153A0027F4BE /* Images.xcassets in Resources */ = {isa = PBXBuildFile; fileRef = 527B7F2118CF153A0027F4BE /* Images.xcassets */; };
		527B7F2918CF153A0027F4BE /* XCTest.framework in Frameworks */ = {isa = PBXBuildFile; fileRef = 527B7F2818CF153A0027F4BE /* XCTest.framework */; };
		527B7F2A18CF153A0027F4BE /* Foundation.framework in Frameworks */ = {isa = PBXBuildFile; fileRef = 527B7F0618CF153A0027F4BE /* Foundation.framework */; };
		527B7F2B18CF153A0027F4BE /* UIKit.framework in Frameworks */ = {isa = PBXBuildFile; fileRef = 527B7F0A18CF153A0027F4BE /* UIKit.framework */; };
		527B7F3318CF153A0027F4BE /* InfoPlist.strings in Resources */ = {isa = PBXBuildFile; fileRef = 527B7F3118CF153A0027F4BE /* InfoPlist.strings */; };
		527B7F3518CF153A0027F4BE /* demoTests.m in Sources */ = {isa = PBXBuildFile; fileRef = 527B7F3418CF153A0027F4BE /* demoTests.m */; };
		527ECAC318D3670500801242 /* RTLabel.m in Sources */ = {isa = PBXBuildFile; fileRef = 527ECAC218D3670500801242 /* RTLabel.m */; };
		527ECAC518D3679E00801242 /* CoreText.framework in Frameworks */ = {isa = PBXBuildFile; fileRef = 527ECAC418D3679E00801242 /* CoreText.framework */; };
		527ECAC818D367EC00801242 /* ResultViewController.m in Sources */ = {isa = PBXBuildFile; fileRef = 527ECAC718D367EC00801242 /* ResultViewController.m */; };
		529E0F4818D945D7001CCFE4 /* course.png in Resources */ = {isa = PBXBuildFile; fileRef = 529E0F4618D945D7001CCFE4 /* course.png */; };
		529E0F4918D945D7001CCFE4 /* course@2x.png in Resources */ = {isa = PBXBuildFile; fileRef = 529E0F4718D945D7001CCFE4 /* course@2x.png */; };
		529E0F5818D98129001CCFE4 /* CourseDetailViewController.m in Sources */ = {isa = PBXBuildFile; fileRef = 529E0F5718D98129001CCFE4 /* CourseDetailViewController.m */; };
		529E0F5E18D9C873001CCFE4 /* github.png in Resources */ = {isa = PBXBuildFile; fileRef = 529E0F5C18D9C873001CCFE4 /* github.png */; };
		529E0F5F18D9C873001CCFE4 /* github@2x.png in Resources */ = {isa = PBXBuildFile; fileRef = 529E0F5D18D9C873001CCFE4 /* github@2x.png */; };
		52B1DDB118D2B6A7001718B7 /* Question.m in Sources */ = {isa = PBXBuildFile; fileRef = 52B1DDB018D2B6A7001718B7 /* Question.m */; };
		52B8A1FC18D14EA7009C836A /* ExamViewController.m in Sources */ = {isa = PBXBuildFile; fileRef = 52B8A1FB18D14EA7009C836A /* ExamViewController.m */; };
		52C344BB18D0C603006FB727 /* Evaluation.m in Sources */ = {isa = PBXBuildFile; fileRef = 52C344BA18D0C603006FB727 /* Evaluation.m */; };
		52CB81A818D6D43200D5C220 /* MediaPlayer.framework in Frameworks */ = {isa = PBXBuildFile; fileRef = 52CB81A718D6D43200D5C220 /* MediaPlayer.framework */; };
		52D830F718CF719500D233D8 /* ExamListViewController.m in Sources */ = {isa = PBXBuildFile; fileRef = 52D830F618CF719500D233D8 /* ExamListViewController.m */; };
/* End PBXBuildFile section */

/* Begin PBXContainerItemProxy section */
		527B7F2C18CF153A0027F4BE /* PBXContainerItemProxy */ = {
			isa = PBXContainerItemProxy;
			containerPortal = 527B7EFB18CF153A0027F4BE /* Project object */;
			proxyType = 1;
			remoteGlobalIDString = 527B7F0218CF153A0027F4BE;
			remoteInfo = demo;
		};
/* End PBXContainerItemProxy section */

/* Begin PBXFileReference section */
		5228195218D704A2003FAB4C /* CourseListViewController.h */ = {isa = PBXFileReference; fileEncoding = 4; lastKnownFileType = sourcecode.c.h; path = CourseListViewController.h; sourceTree = "<group>"; };
		5228195318D704A2003FAB4C /* CourseListViewController.m */ = {isa = PBXFileReference; fileEncoding = 4; lastKnownFileType = sourcecode.c.objc; path = CourseListViewController.m; sourceTree = "<group>"; };
		5236F01E18D43B0F00625EEE /* RecommendViewController.h */ = {isa = PBXFileReference; fileEncoding = 4; lastKnownFileType = sourcecode.c.h; path = RecommendViewController.h; sourceTree = "<group>"; };
		5236F01F18D43B0F00625EEE /* RecommendViewController.m */ = {isa = PBXFileReference; fileEncoding = 4; lastKnownFileType = sourcecode.c.objc; path = RecommendViewController.m; sourceTree = "<group>"; };
		5236F02118D4544300625EEE /* Pair.h */ = {isa = PBXFileReference; fileEncoding = 4; lastKnownFileType = sourcecode.c.h; name = Pair.h; path = demo/Pair.h; sourceTree = "<group>"; };
		5236F02218D4544300625EEE /* Pair.m */ = {isa = PBXFileReference; fileEncoding = 4; lastKnownFileType = sourcecode.c.objc; name = Pair.m; path = demo/Pair.m; sourceTree = "<group>"; };
		523B741918D607D900F82947 /* book.png */ = {isa = PBXFileReference; lastKnownFileType = image.png; path = book.png; sourceTree = "<group>"; };
		523B741A18D607D900F82947 /* book@2x.png */ = {isa = PBXFileReference; lastKnownFileType = image.png; path = "book@2x.png"; sourceTree = "<group>"; };
		523B741B18D607D900F82947 /* chat.png */ = {isa = PBXFileReference; lastKnownFileType = image.png; path = chat.png; sourceTree = "<group>"; };
		523B741C18D607D900F82947 /* chat@2x.png */ = {isa = PBXFileReference; lastKnownFileType = image.png; path = "chat@2x.png"; sourceTree = "<group>"; };
		523B741D18D607D900F82947 /* check.png */ = {isa = PBXFileReference; lastKnownFileType = image.png; path = check.png; sourceTree = "<group>"; };
		523B741E18D607D900F82947 /* check@2x.png */ = {isa = PBXFileReference; lastKnownFileType = image.png; path = "check@2x.png"; sourceTree = "<group>"; };
		523B741F18D607D900F82947 /* paper.png */ = {isa = PBXFileReference; lastKnownFileType = image.png; path = paper.png; sourceTree = "<group>"; };
		523B742018D607D900F82947 /* paper@2x.png */ = {isa = PBXFileReference; lastKnownFileType = image.png; path = "paper@2x.png"; sourceTree = "<group>"; };
		523B742118D607D900F82947 /* user.png */ = {isa = PBXFileReference; lastKnownFileType = image.png; path = user.png; sourceTree = "<group>"; };
		523B742218D607D900F82947 /* user@2x.png */ = {isa = PBXFileReference; lastKnownFileType = image.png; path = "user@2x.png"; sourceTree = "<group>"; };
		523B742318D607D900F82947 /* videoviewdemo.mp4 */ = {isa = PBXFileReference; lastKnownFileType = file; path = videoviewdemo.mp4; sourceTree = "<group>"; };
		523B742F18D6083A00F82947 /* CourseViewController.h */ = {isa = PBXFileReference; fileEncoding = 4; lastKnownFileType = sourcecode.c.h; path = CourseViewController.h; sourceTree = "<group>"; };
		523B743018D6083A00F82947 /* CourseViewController.m */ = {isa = PBXFileReference; fileEncoding = 4; lastKnownFileType = sourcecode.c.objc; path = CourseViewController.m; sourceTree = "<group>"; };
		523B743218D6096B00F82947 /* videoviewdemo.png */ = {isa = PBXFileReference; lastKnownFileType = image.png; path = videoviewdemo.png; sourceTree = "<group>"; };
		523B743718D612FB00F82947 /* TabViewController.h */ = {isa = PBXFileReference; fileEncoding = 4; lastKnownFileType = sourcecode.c.h; path = TabViewController.h; sourceTree = "<group>"; };
		523B743818D612FB00F82947 /* TabViewController.m */ = {isa = PBXFileReference; fileEncoding = 4; lastKnownFileType = sourcecode.c.objc; path = TabViewController.m; sourceTree = "<group>"; };
		523FFAA918D5E979009AE923 /* CoursePageViewController.h */ = {isa = PBXFileReference; fileEncoding = 4; lastKnownFileType = sourcecode.c.h; path = CoursePageViewController.h; sourceTree = "<group>"; };
		523FFAAA18D5E979009AE923 /* CoursePageViewController.m */ = {isa = PBXFileReference; fileEncoding = 4; lastKnownFileType = sourcecode.c.objc; path = CoursePageViewController.m; sourceTree = "<group>"; };
		52411DAC18D5A1BD00904A79 /* ExamPageViewController.h */ = {isa = PBXFileReference; fileEncoding = 4; lastKnownFileType = sourcecode.c.h; path = ExamPageViewController.h; sourceTree = "<group>"; };
		52411DAD18D5A1BD00904A79 /* ExamPageViewController.m */ = {isa = PBXFileReference; fileEncoding = 4; lastKnownFileType = sourcecode.c.objc; path = ExamPageViewController.m; sourceTree = "<group>"; };
		52613D8418D9DF90001EFED5 /* wallpaper@2x.png */ = {isa = PBXFileReference; lastKnownFileType = image.png; path = "wallpaper@2x.png"; sourceTree = "<group>"; };
		52613D8618D9E1A4001EFED5 /* blue@2x.png */ = {isa = PBXFileReference; lastKnownFileType = image.png; path = "blue@2x.png"; sourceTree = "<group>"; };
		52613D8718D9E1A4001EFED5 /* green@2x.png */ = {isa = PBXFileReference; lastKnownFileType = image.png; path = "green@2x.png"; sourceTree = "<group>"; };
		52613D8818D9E1A4001EFED5 /* pink@2x.png */ = {isa = PBXFileReference; lastKnownFileType = image.png; path = "pink@2x.png"; sourceTree = "<group>"; };
		52613D8918D9E1A4001EFED5 /* yellow@2x.png */ = {isa = PBXFileReference; lastKnownFileType = image.png; path = "yellow@2x.png"; sourceTree = "<group>"; };
		52613D8E18D9E6DA001EFED5 /* link.png */ = {isa = PBXFileReference; lastKnownFileType = image.png; path = link.png; sourceTree = "<group>"; };
		52613D9018D9EC9E001EFED5 /* small.png */ = {isa = PBXFileReference; lastKnownFileType = image.png; path = small.png; sourceTree = "<group>"; };
		52613D9218D9F4BD001EFED5 /* ExamFlipViewController.h */ = {isa = PBXFileReference; fileEncoding = 4; lastKnownFileType = sourcecode.c.h; path = ExamFlipViewController.h; sourceTree = "<group>"; };
		52613D9318D9F4BD001EFED5 /* ExamFlipViewController.m */ = {isa = PBXFileReference; fileEncoding = 4; lastKnownFileType = sourcecode.c.objc; path = ExamFlipViewController.m; sourceTree = "<group>"; };
		527B7F0318CF153A0027F4BE /* demo.app */ = {isa = PBXFileReference; explicitFileType = wrapper.application; includeInIndex = 0; path = demo.app; sourceTree = BUILT_PRODUCTS_DIR; };
		527B7F0618CF153A0027F4BE /* Foundation.framework */ = {isa = PBXFileReference; lastKnownFileType = wrapper.framework; name = Foundation.framework; path = System/Library/Frameworks/Foundation.framework; sourceTree = SDKROOT; };
		527B7F0818CF153A0027F4BE /* CoreGraphics.framework */ = {isa = PBXFileReference; lastKnownFileType = wrapper.framework; name = CoreGraphics.framework; path = System/Library/Frameworks/CoreGraphics.framework; sourceTree = SDKROOT; };
		527B7F0A18CF153A0027F4BE /* UIKit.framework */ = {isa = PBXFileReference; lastKnownFileType = wrapper.framework; name = UIKit.framework; path = System/Library/Frameworks/UIKit.framework; sourceTree = SDKROOT; };
		527B7F0E18CF153A0027F4BE /* demo-Info.plist */ = {isa = PBXFileReference; lastKnownFileType = text.plist.xml; path = "demo-Info.plist"; sourceTree = "<group>"; };
		527B7F1018CF153A0027F4BE /* en */ = {isa = PBXFileReference; lastKnownFileType = text.plist.strings; name = en; path = en.lproj/InfoPlist.strings; sourceTree = "<group>"; };
		527B7F1218CF153A0027F4BE /* main.m */ = {isa = PBXFileReference; lastKnownFileType = sourcecode.c.objc; path = main.m; sourceTree = "<group>"; };
		527B7F1418CF153A0027F4BE /* demo-Prefix.pch */ = {isa = PBXFileReference; lastKnownFileType = sourcecode.c.h; path = "demo-Prefix.pch"; sourceTree = "<group>"; };
		527B7F1518CF153A0027F4BE /* AppDelegate.h */ = {isa = PBXFileReference; lastKnownFileType = sourcecode.c.h; path = AppDelegate.h; sourceTree = "<group>"; };
		527B7F1618CF153A0027F4BE /* AppDelegate.m */ = {isa = PBXFileReference; lastKnownFileType = sourcecode.c.objc; path = AppDelegate.m; sourceTree = "<group>"; };
		527B7F1918CF153A0027F4BE /* Base */ = {isa = PBXFileReference; lastKnownFileType = file.storyboard; name = Base; path = Base.lproj/Main.storyboard; sourceTree = "<group>"; };
		527B7F2118CF153A0027F4BE /* Images.xcassets */ = {isa = PBXFileReference; lastKnownFileType = folder.assetcatalog; path = Images.xcassets; sourceTree = "<group>"; };
		527B7F2718CF153A0027F4BE /* demoTests.xctest */ = {isa = PBXFileReference; explicitFileType = wrapper.cfbundle; includeInIndex = 0; path = demoTests.xctest; sourceTree = BUILT_PRODUCTS_DIR; };
		527B7F2818CF153A0027F4BE /* XCTest.framework */ = {isa = PBXFileReference; lastKnownFileType = wrapper.framework; name = XCTest.framework; path = Library/Frameworks/XCTest.framework; sourceTree = DEVELOPER_DIR; };
		527B7F3018CF153A0027F4BE /* demoTests-Info.plist */ = {isa = PBXFileReference; lastKnownFileType = text.plist.xml; path = "demoTests-Info.plist"; sourceTree = "<group>"; };
		527B7F3218CF153A0027F4BE /* en */ = {isa = PBXFileReference; lastKnownFileType = text.plist.strings; name = en; path = en.lproj/InfoPlist.strings; sourceTree = "<group>"; };
		527B7F3418CF153A0027F4BE /* demoTests.m */ = {isa = PBXFileReference; lastKnownFileType = sourcecode.c.objc; path = demoTests.m; sourceTree = "<group>"; };
		527ECAC118D3670500801242 /* RTLabel.h */ = {isa = PBXFileReference; fileEncoding = 4; lastKnownFileType = sourcecode.c.h; path = RTLabel.h; sourceTree = "<group>"; };
		527ECAC218D3670500801242 /* RTLabel.m */ = {isa = PBXFileReference; fileEncoding = 4; lastKnownFileType = sourcecode.c.objc; path = RTLabel.m; sourceTree = "<group>"; };
		527ECAC418D3679E00801242 /* CoreText.framework */ = {isa = PBXFileReference; lastKnownFileType = wrapper.framework; name = CoreText.framework; path = System/Library/Frameworks/CoreText.framework; sourceTree = SDKROOT; };
		527ECAC618D367EC00801242 /* ResultViewController.h */ = {isa = PBXFileReference; fileEncoding = 4; lastKnownFileType = sourcecode.c.h; path = ResultViewController.h; sourceTree = "<group>"; };
		527ECAC718D367EC00801242 /* ResultViewController.m */ = {isa = PBXFileReference; fileEncoding = 4; lastKnownFileType = sourcecode.c.objc; path = ResultViewController.m; sourceTree = "<group>"; };
		529E0F4618D945D7001CCFE4 /* course.png */ = {isa = PBXFileReference; lastKnownFileType = image.png; path = course.png; sourceTree = "<group>"; };
		529E0F4718D945D7001CCFE4 /* course@2x.png */ = {isa = PBXFileReference; lastKnownFileType = image.png; path = "course@2x.png"; sourceTree = "<group>"; };
		529E0F5618D98129001CCFE4 /* CourseDetailViewController.h */ = {isa = PBXFileReference; fileEncoding = 4; lastKnownFileType = sourcecode.c.h; path = CourseDetailViewController.h; sourceTree = "<group>"; };
		529E0F5718D98129001CCFE4 /* CourseDetailViewController.m */ = {isa = PBXFileReference; fileEncoding = 4; lastKnownFileType = sourcecode.c.objc; path = CourseDetailViewController.m; sourceTree = "<group>"; };
		529E0F5C18D9C873001CCFE4 /* github.png */ = {isa = PBXFileReference; lastKnownFileType = image.png; path = github.png; sourceTree = "<group>"; };
		529E0F5D18D9C873001CCFE4 /* github@2x.png */ = {isa = PBXFileReference; lastKnownFileType = image.png; path = "github@2x.png"; sourceTree = "<group>"; };
		52B1DDAF18D2B6A7001718B7 /* Question.h */ = {isa = PBXFileReference; fileEncoding = 4; lastKnownFileType = sourcecode.c.h; name = Question.h; path = demo/Question.h; sourceTree = "<group>"; };
		52B1DDB018D2B6A7001718B7 /* Question.m */ = {isa = PBXFileReference; fileEncoding = 4; lastKnownFileType = sourcecode.c.objc; name = Question.m; path = demo/Question.m; sourceTree = "<group>"; };
		52B8A1FA18D14EA7009C836A /* ExamViewController.h */ = {isa = PBXFileReference; fileEncoding = 4; lastKnownFileType = sourcecode.c.h; path = ExamViewController.h; sourceTree = "<group>"; };
		52B8A1FB18D14EA7009C836A /* ExamViewController.m */ = {isa = PBXFileReference; fileEncoding = 4; lastKnownFileType = sourcecode.c.objc; path = ExamViewController.m; sourceTree = "<group>"; };
		52C344B918D0C603006FB727 /* Evaluation.h */ = {isa = PBXFileReference; fileEncoding = 4; lastKnownFileType = sourcecode.c.h; name = Evaluation.h; path = demo/Evaluation.h; sourceTree = "<group>"; };
		52C344BA18D0C603006FB727 /* Evaluation.m */ = {isa = PBXFileReference; fileEncoding = 4; lastKnownFileType = sourcecode.c.objc; name = Evaluation.m; path = demo/Evaluation.m; sourceTree = "<group>"; };
		52CB81A718D6D43200D5C220 /* MediaPlayer.framework */ = {isa = PBXFileReference; lastKnownFileType = wrapper.framework; name = MediaPlayer.framework; path = System/Library/Frameworks/MediaPlayer.framework; sourceTree = SDKROOT; };
		52D830F518CF719500D233D8 /* ExamListViewController.h */ = {isa = PBXFileReference; fileEncoding = 4; lastKnownFileType = sourcecode.c.h; path = ExamListViewController.h; sourceTree = "<group>"; };
		52D830F618CF719500D233D8 /* ExamListViewController.m */ = {isa = PBXFileReference; fileEncoding = 4; lastKnownFileType = sourcecode.c.objc; path = ExamListViewController.m; sourceTree = "<group>"; };
/* End PBXFileReference section */

/* Begin PBXFrameworksBuildPhase section */
		527B7F0018CF153A0027F4BE /* Frameworks */ = {
			isa = PBXFrameworksBuildPhase;
			buildActionMask = 2147483647;
			files = (
				52CB81A818D6D43200D5C220 /* MediaPlayer.framework in Frameworks */,
				527ECAC518D3679E00801242 /* CoreText.framework in Frameworks */,
				527B7F0918CF153A0027F4BE /* CoreGraphics.framework in Frameworks */,
				527B7F0B18CF153A0027F4BE /* UIKit.framework in Frameworks */,
				527B7F0718CF153A0027F4BE /* Foundation.framework in Frameworks */,
			);
			runOnlyForDeploymentPostprocessing = 0;
		};
		527B7F2418CF153A0027F4BE /* Frameworks */ = {
			isa = PBXFrameworksBuildPhase;
			buildActionMask = 2147483647;
			files = (
				527B7F2918CF153A0027F4BE /* XCTest.framework in Frameworks */,
				527B7F2B18CF153A0027F4BE /* UIKit.framework in Frameworks */,
				527B7F2A18CF153A0027F4BE /* Foundation.framework in Frameworks */,
			);
			runOnlyForDeploymentPostprocessing = 0;
		};
/* End PBXFrameworksBuildPhase section */

/* Begin PBXGroup section */
		523B741818D6078100F82947 /* resources */ = {
			isa = PBXGroup;
			children = (
				52613D8618D9E1A4001EFED5 /* blue@2x.png */,
				523B741918D607D900F82947 /* book.png */,
				523B741A18D607D900F82947 /* book@2x.png */,
				523B741B18D607D900F82947 /* chat.png */,
				523B741C18D607D900F82947 /* chat@2x.png */,
				523B741D18D607D900F82947 /* check.png */,
				523B741E18D607D900F82947 /* check@2x.png */,
				529E0F4618D945D7001CCFE4 /* course.png */,
				529E0F4718D945D7001CCFE4 /* course@2x.png */,
				529E0F5C18D9C873001CCFE4 /* github.png */,
				529E0F5D18D9C873001CCFE4 /* github@2x.png */,
				52613D8718D9E1A4001EFED5 /* green@2x.png */,
				52613D8E18D9E6DA001EFED5 /* link.png */,
				523B741F18D607D900F82947 /* paper.png */,
				523B742018D607D900F82947 /* paper@2x.png */,
				52613D8818D9E1A4001EFED5 /* pink@2x.png */,
				52613D9018D9EC9E001EFED5 /* small.png */,
				523B742118D607D900F82947 /* user.png */,
				523B742218D607D900F82947 /* user@2x.png */,
				523B742318D607D900F82947 /* videoviewdemo.mp4 */,
				523B743218D6096B00F82947 /* videoviewdemo.png */,
				52613D8418D9DF90001EFED5 /* wallpaper@2x.png */,
				52613D8918D9E1A4001EFED5 /* yellow@2x.png */,
			);
			path = resources;
			sourceTree = "<group>";
		};
		527B7EFA18CF153A0027F4BE = {
			isa = PBXGroup;
			children = (
				523B741818D6078100F82947 /* resources */,
				52C344B418D0BAE9006FB727 /* images */,
				527B7F0C18CF153A0027F4BE /* demo */,
				52B1DDAB18D2B648001718B7 /* model */,
				527B7F2E18CF153A0027F4BE /* demoTests */,
				527B7F0518CF153A0027F4BE /* Frameworks */,
				527B7F0418CF153A0027F4BE /* Products */,
			);
			sourceTree = "<group>";
		};
		527B7F0418CF153A0027F4BE /* Products */ = {
			isa = PBXGroup;
			children = (
				527B7F0318CF153A0027F4BE /* demo.app */,
				527B7F2718CF153A0027F4BE /* demoTests.xctest */,
			);
			name = Products;
			sourceTree = "<group>";
		};
		527B7F0518CF153A0027F4BE /* Frameworks */ = {
			isa = PBXGroup;
			children = (
				52CB81A718D6D43200D5C220 /* MediaPlayer.framework */,
				527ECAC418D3679E00801242 /* CoreText.framework */,
				527B7F0618CF153A0027F4BE /* Foundation.framework */,
				527B7F0818CF153A0027F4BE /* CoreGraphics.framework */,
				527B7F0A18CF153A0027F4BE /* UIKit.framework */,
				527B7F2818CF153A0027F4BE /* XCTest.framework */,
			);
			name = Frameworks;
			sourceTree = "<group>";
		};
		527B7F0C18CF153A0027F4BE /* demo */ = {
			isa = PBXGroup;
			children = (
				527B7F1518CF153A0027F4BE /* AppDelegate.h */,
				527B7F1618CF153A0027F4BE /* AppDelegate.m */,
				529E0F5618D98129001CCFE4 /* CourseDetailViewController.h */,
				529E0F5718D98129001CCFE4 /* CourseDetailViewController.m */,
				5228195218D704A2003FAB4C /* CourseListViewController.h */,
				5228195318D704A2003FAB4C /* CourseListViewController.m */,
				523FFAA918D5E979009AE923 /* CoursePageViewController.h */,
				523FFAAA18D5E979009AE923 /* CoursePageViewController.m */,
				523B742F18D6083A00F82947 /* CourseViewController.h */,
				523B743018D6083A00F82947 /* CourseViewController.m */,
				52613D9218D9F4BD001EFED5 /* ExamFlipViewController.h */,
				52613D9318D9F4BD001EFED5 /* ExamFlipViewController.m */,
				52D830F518CF719500D233D8 /* ExamListViewController.h */,
				52D830F618CF719500D233D8 /* ExamListViewController.m */,
				52411DAC18D5A1BD00904A79 /* ExamPageViewController.h */,
				52411DAD18D5A1BD00904A79 /* ExamPageViewController.m */,
				52B8A1FA18D14EA7009C836A /* ExamViewController.h */,
				52B8A1FB18D14EA7009C836A /* ExamViewController.m */,
				527B7F2118CF153A0027F4BE /* Images.xcassets */,
				527B7F1818CF153A0027F4BE /* Main.storyboard */,
				5236F01E18D43B0F00625EEE /* RecommendViewController.h */,
				5236F01F18D43B0F00625EEE /* RecommendViewController.m */,
				527ECAC618D367EC00801242 /* ResultViewController.h */,
				527ECAC718D367EC00801242 /* ResultViewController.m */,
				527ECAC118D3670500801242 /* RTLabel.h */,
				527ECAC218D3670500801242 /* RTLabel.m */,
				527B7F0D18CF153A0027F4BE /* Supporting Files */,
				523B743718D612FB00F82947 /* TabViewController.h */,
				523B743818D612FB00F82947 /* TabViewController.m */,
			);
			path = demo;
			sourceTree = "<group>";
		};
		527B7F0D18CF153A0027F4BE /* Supporting Files */ = {
			isa = PBXGroup;
			children = (
				527B7F0E18CF153A0027F4BE /* demo-Info.plist */,
				527B7F0F18CF153A0027F4BE /* InfoPlist.strings */,
				527B7F1218CF153A0027F4BE /* main.m */,
				527B7F1418CF153A0027F4BE /* demo-Prefix.pch */,
			);
			name = "Supporting Files";
			sourceTree = "<group>";
		};
		527B7F2E18CF153A0027F4BE /* demoTests */ = {
			isa = PBXGroup;
			children = (
				527B7F3418CF153A0027F4BE /* demoTests.m */,
				527B7F2F18CF153A0027F4BE /* Supporting Files */,
			);
			path = demoTests;
			sourceTree = "<group>";
		};
		527B7F2F18CF153A0027F4BE /* Supporting Files */ = {
			isa = PBXGroup;
			children = (
				527B7F3018CF153A0027F4BE /* demoTests-Info.plist */,
				527B7F3118CF153A0027F4BE /* InfoPlist.strings */,
			);
			name = "Supporting Files";
			sourceTree = "<group>";
		};
		52B1DDAB18D2B648001718B7 /* model */ = {
			isa = PBXGroup;
			children = (
				52B1DDAF18D2B6A7001718B7 /* Question.h */,
				52B1DDB018D2B6A7001718B7 /* Question.m */,
				52C344B918D0C603006FB727 /* Evaluation.h */,
				52C344BA18D0C603006FB727 /* Evaluation.m */,
				5236F02118D4544300625EEE /* Pair.h */,
				5236F02218D4544300625EEE /* Pair.m */,
			);
			name = model;
			sourceTree = "<group>";
		};
		52C344B418D0BAE9006FB727 /* images */ = {
			isa = PBXGroup;
			children = (
			);
			name = images;
			sourceTree = "<group>";
		};
/* End PBXGroup section */

/* Begin PBXNativeTarget section */
		527B7F0218CF153A0027F4BE /* demo */ = {
			isa = PBXNativeTarget;
			buildConfigurationList = 527B7F3818CF153A0027F4BE /* Build configuration list for PBXNativeTarget "demo" */;
			buildPhases = (
				527B7EFF18CF153A0027F4BE /* Sources */,
				527B7F0018CF153A0027F4BE /* Frameworks */,
				527B7F0118CF153A0027F4BE /* Resources */,
			);
			buildRules = (
			);
			dependencies = (
			);
			name = demo;
			productName = demo;
			productReference = 527B7F0318CF153A0027F4BE /* demo.app */;
			productType = "com.apple.product-type.application";
		};
		527B7F2618CF153A0027F4BE /* demoTests */ = {
			isa = PBXNativeTarget;
			buildConfigurationList = 527B7F3B18CF153A0027F4BE /* Build configuration list for PBXNativeTarget "demoTests" */;
			buildPhases = (
				527B7F2318CF153A0027F4BE /* Sources */,
				527B7F2418CF153A0027F4BE /* Frameworks */,
				527B7F2518CF153A0027F4BE /* Resources */,
			);
			buildRules = (
			);
			dependencies = (
				527B7F2D18CF153A0027F4BE /* PBXTargetDependency */,
			);
			name = demoTests;
			productName = demoTests;
			productReference = 527B7F2718CF153A0027F4BE /* demoTests.xctest */;
			productType = "com.apple.product-type.bundle.unit-test";
		};
/* End PBXNativeTarget section */

/* Begin PBXProject section */
		527B7EFB18CF153A0027F4BE /* Project object */ = {
			isa = PBXProject;
			attributes = {
				LastUpgradeCheck = 0500;
				ORGANIZATIONNAME = john;
				TargetAttributes = {
					527B7F2618CF153A0027F4BE = {
						TestTargetID = 527B7F0218CF153A0027F4BE;
					};
				};
			};
			buildConfigurationList = 527B7EFE18CF153A0027F4BE /* Build configuration list for PBXProject "demo" */;
			compatibilityVersion = "Xcode 3.2";
			developmentRegion = English;
			hasScannedForEncodings = 0;
			knownRegions = (
				en,
				Base,
			);
			mainGroup = 527B7EFA18CF153A0027F4BE;
			productRefGroup = 527B7F0418CF153A0027F4BE /* Products */;
			projectDirPath = "";
			projectRoot = "";
			targets = (
				527B7F0218CF153A0027F4BE /* demo */,
				527B7F2618CF153A0027F4BE /* demoTests */,
			);
		};
/* End PBXProject section */

/* Begin PBXResourcesBuildPhase section */
		527B7F0118CF153A0027F4BE /* Resources */ = {
			isa = PBXResourcesBuildPhase;
			buildActionMask = 2147483647;
			files = (
				52613D8A18D9E1A4001EFED5 /* blue@2x.png in Resources */,
				52613D8F18D9E6DA001EFED5 /* link.png in Resources */,
				52613D8C18D9E1A4001EFED5 /* pink@2x.png in Resources */,
				523B742718D607D900F82947 /* chat@2x.png in Resources */,
				527B7F2218CF153A0027F4BE /* Images.xcassets in Resources */,
				523B742C18D607D900F82947 /* user.png in Resources */,
				529E0F5F18D9C873001CCFE4 /* github@2x.png in Resources */,
				523B742B18D607D900F82947 /* paper@2x.png in Resources */,
				523B742918D607D900F82947 /* check@2x.png in Resources */,
				523B742818D607D900F82947 /* check.png in Resources */,
				529E0F5E18D9C873001CCFE4 /* github.png in Resources */,
				527B7F1118CF153A0027F4BE /* InfoPlist.strings in Resources */,
				523B742418D607D900F82947 /* book.png in Resources */,
				523B742D18D607D900F82947 /* user@2x.png in Resources */,
				52613D8B18D9E1A4001EFED5 /* green@2x.png in Resources */,
				52613D8D18D9E1A4001EFED5 /* yellow@2x.png in Resources */,
				523B742E18D607D900F82947 /* videoviewdemo.mp4 in Resources */,
				523B743318D6096B00F82947 /* videoviewdemo.png in Resources */,
				523B742A18D607D900F82947 /* paper.png in Resources */,
				527B7F1A18CF153A0027F4BE /* Main.storyboard in Resources */,
				523B742518D607D900F82947 /* book@2x.png in Resources */,
				52613D9118D9EC9E001EFED5 /* small.png in Resources */,
				529E0F4918D945D7001CCFE4 /* course@2x.png in Resources */,
				52613D8518D9DF90001EFED5 /* wallpaper@2x.png in Resources */,
				529E0F4818D945D7001CCFE4 /* course.png in Resources */,
				523B742618D607D900F82947 /* chat.png in Resources */,
			);
			runOnlyForDeploymentPostprocessing = 0;
		};
		527B7F2518CF153A0027F4BE /* Resources */ = {
			isa = PBXResourcesBuildPhase;
			buildActionMask = 2147483647;
			files = (
				527B7F3318CF153A0027F4BE /* InfoPlist.strings in Resources */,
			);
			runOnlyForDeploymentPostprocessing = 0;
		};
/* End PBXResourcesBuildPhase section */

/* Begin PBXSourcesBuildPhase section */
		527B7EFF18CF153A0027F4BE /* Sources */ = {
			isa = PBXSourcesBuildPhase;
			buildActionMask = 2147483647;
			files = (
				52B8A1FC18D14EA7009C836A /* ExamViewController.m in Sources */,
				5236F02018D43B0F00625EEE /* RecommendViewController.m in Sources */,
				523B743918D612FB00F82947 /* TabViewController.m in Sources */,
				527B7F1718CF153A0027F4BE /* AppDelegate.m in Sources */,
				52411DAE18D5A1BD00904A79 /* ExamPageViewController.m in Sources */,
				527ECAC318D3670500801242 /* RTLabel.m in Sources */,
				52D830F718CF719500D233D8 /* ExamListViewController.m in Sources */,
				5228195418D704A2003FAB4C /* CourseListViewController.m in Sources */,
				52B1DDB118D2B6A7001718B7 /* Question.m in Sources */,
				527B7F1318CF153A0027F4BE /* main.m in Sources */,
				529E0F5818D98129001CCFE4 /* CourseDetailViewController.m in Sources */,
				523B743118D6083A00F82947 /* CourseViewController.m in Sources */,
				5236F02318D4544300625EEE /* Pair.m in Sources */,
				523FFAAB18D5E979009AE923 /* CoursePageViewController.m in Sources */,
				52C344BB18D0C603006FB727 /* Evaluation.m in Sources */,
				52613D9418D9F4BD001EFED5 /* ExamFlipViewController.m in Sources */,
				527ECAC818D367EC00801242 /* ResultViewController.m in Sources */,
			);
			runOnlyForDeploymentPostprocessing = 0;
		};
		527B7F2318CF153A0027F4BE /* Sources */ = {
			isa = PBXSourcesBuildPhase;
			buildActionMask = 2147483647;
			files = (
				527B7F3518CF153A0027F4BE /* demoTests.m in Sources */,
			);
			runOnlyForDeploymentPostprocessing = 0;
		};
/* End PBXSourcesBuildPhase section */

/* Begin PBXTargetDependency section */
		527B7F2D18CF153A0027F4BE /* PBXTargetDependency */ = {
			isa = PBXTargetDependency;
			target = 527B7F0218CF153A0027F4BE /* demo */;
			targetProxy = 527B7F2C18CF153A0027F4BE /* PBXContainerItemProxy */;
		};
/* End PBXTargetDependency section */

/* Begin PBXVariantGroup section */
		527B7F0F18CF153A0027F4BE /* InfoPlist.strings */ = {
			isa = PBXVariantGroup;
			children = (
				527B7F1018CF153A0027F4BE /* en */,
			);
			name = InfoPlist.strings;
			sourceTree = "<group>";
		};
		527B7F1818CF153A0027F4BE /* Main.storyboard */ = {
			isa = PBXVariantGroup;
			children = (
				527B7F1918CF153A0027F4BE /* Base */,
			);
			name = Main.storyboard;
			sourceTree = "<group>";
		};
		527B7F3118CF153A0027F4BE /* InfoPlist.strings */ = {
			isa = PBXVariantGroup;
			children = (
				527B7F3218CF153A0027F4BE /* en */,
			);
			name = InfoPlist.strings;
			sourceTree = "<group>";
		};
/* End PBXVariantGroup section */

/* Begin XCBuildConfiguration section */
		527B7F3618CF153A0027F4BE /* Debug */ = {
			isa = XCBuildConfiguration;
			buildSettings = {
				ALWAYS_SEARCH_USER_PATHS = NO;
				ARCHS = "$(ARCHS_STANDARD_INCLUDING_64_BIT)";
				CLANG_CXX_LANGUAGE_STANDARD = "gnu++0x";
				CLANG_CXX_LIBRARY = "libc++";
				CLANG_ENABLE_MODULES = YES;
				CLANG_ENABLE_OBJC_ARC = YES;
				CLANG_WARN_BOOL_CONVERSION = YES;
				CLANG_WARN_CONSTANT_CONVERSION = YES;
				CLANG_WARN_DIRECT_OBJC_ISA_USAGE = YES_ERROR;
				CLANG_WARN_EMPTY_BODY = YES;
				CLANG_WARN_ENUM_CONVERSION = YES;
				CLANG_WARN_INT_CONVERSION = YES;
				CLANG_WARN_OBJC_ROOT_CLASS = YES_ERROR;
				CLANG_WARN__DUPLICATE_METHOD_MATCH = YES;
				"CODE_SIGN_IDENTITY[sdk=iphoneos*]" = "iPhone Developer";
				COPY_PHASE_STRIP = NO;
				GCC_C_LANGUAGE_STANDARD = gnu99;
				GCC_DYNAMIC_NO_PIC = NO;
				GCC_OPTIMIZATION_LEVEL = 0;
				GCC_PREPROCESSOR_DEFINITIONS = (
					"DEBUG=1",
					"$(inherited)",
				);
				GCC_SYMBOLS_PRIVATE_EXTERN = NO;
				GCC_WARN_64_TO_32_BIT_CONVERSION = YES;
				GCC_WARN_ABOUT_RETURN_TYPE = YES_ERROR;
				GCC_WARN_UNDECLARED_SELECTOR = YES;
				GCC_WARN_UNINITIALIZED_AUTOS = YES;
				GCC_WARN_UNUSED_FUNCTION = YES;
				GCC_WARN_UNUSED_VARIABLE = YES;
				IPHONEOS_DEPLOYMENT_TARGET = 7.0;
				ONLY_ACTIVE_ARCH = YES;
				SDKROOT = iphoneos;
			};
			name = Debug;
		};
		527B7F3718CF153A0027F4BE /* Release */ = {
			isa = XCBuildConfiguration;
			buildSettings = {
				ALWAYS_SEARCH_USER_PATHS = NO;
				ARCHS = "$(ARCHS_STANDARD_INCLUDING_64_BIT)";
				CLANG_CXX_LANGUAGE_STANDARD = "gnu++0x";
				CLANG_CXX_LIBRARY = "libc++";
				CLANG_ENABLE_MODULES = YES;
				CLANG_ENABLE_OBJC_ARC = YES;
				CLANG_WARN_BOOL_CONVERSION = YES;
				CLANG_WARN_CONSTANT_CONVERSION = YES;
				CLANG_WARN_DIRECT_OBJC_ISA_USAGE = YES_ERROR;
				CLANG_WARN_EMPTY_BODY = YES;
				CLANG_WARN_ENUM_CONVERSION = YES;
				CLANG_WARN_INT_CONVERSION = YES;
				CLANG_WARN_OBJC_ROOT_CLASS = YES_ERROR;
				CLANG_WARN__DUPLICATE_METHOD_MATCH = YES;
				"CODE_SIGN_IDENTITY[sdk=iphoneos*]" = "iPhone Developer";
				COPY_PHASE_STRIP = YES;
				ENABLE_NS_ASSERTIONS = NO;
				GCC_C_LANGUAGE_STANDARD = gnu99;
				GCC_WARN_64_TO_32_BIT_CONVERSION = YES;
				GCC_WARN_ABOUT_RETURN_TYPE = YES_ERROR;
				GCC_WARN_UNDECLARED_SELECTOR = YES;
				GCC_WARN_UNINITIALIZED_AUTOS = YES;
				GCC_WARN_UNUSED_FUNCTION = YES;
				GCC_WARN_UNUSED_VARIABLE = YES;
				IPHONEOS_DEPLOYMENT_TARGET = 7.0;
				SDKROOT = iphoneos;
				VALIDATE_PRODUCT = YES;
			};
			name = Release;
		};
		527B7F3918CF153A0027F4BE /* Debug */ = {
			isa = XCBuildConfiguration;
			buildSettings = {
				ASSETCATALOG_COMPILER_APPICON_NAME = AppIcon;
				ASSETCATALOG_COMPILER_LAUNCHIMAGE_NAME = LaunchImage;
				GCC_PRECOMPILE_PREFIX_HEADER = YES;
				GCC_PREFIX_HEADER = "demo/demo-Prefix.pch";
				INFOPLIST_FILE = "demo/demo-Info.plist";
				PRODUCT_NAME = "$(TARGET_NAME)";
				WRAPPER_EXTENSION = app;
			};
			name = Debug;
		};
		527B7F3A18CF153A0027F4BE /* Release */ = {
			isa = XCBuildConfiguration;
			buildSettings = {
				ASSETCATALOG_COMPILER_APPICON_NAME = AppIcon;
				ASSETCATALOG_COMPILER_LAUNCHIMAGE_NAME = LaunchImage;
				GCC_PRECOMPILE_PREFIX_HEADER = YES;
				GCC_PREFIX_HEADER = "demo/demo-Prefix.pch";
				INFOPLIST_FILE = "demo/demo-Info.plist";
				PRODUCT_NAME = "$(TARGET_NAME)";
				WRAPPER_EXTENSION = app;
			};
			name = Release;
		};
		527B7F3C18CF153A0027F4BE /* Debug */ = {
			isa = XCBuildConfiguration;
			buildSettings = {
				ARCHS = "$(ARCHS_STANDARD_INCLUDING_64_BIT)";
				BUNDLE_LOADER = "$(BUILT_PRODUCTS_DIR)/demo.app/demo";
				FRAMEWORK_SEARCH_PATHS = (
					"$(SDKROOT)/Developer/Library/Frameworks",
					"$(inherited)",
					"$(DEVELOPER_FRAMEWORKS_DIR)",
				);
				GCC_PRECOMPILE_PREFIX_HEADER = YES;
				GCC_PREFIX_HEADER = "demo/demo-Prefix.pch";
				GCC_PREPROCESSOR_DEFINITIONS = (
					"DEBUG=1",
					"$(inherited)",
				);
				INFOPLIST_FILE = "demoTests/demoTests-Info.plist";
				PRODUCT_NAME = "$(TARGET_NAME)";
				TEST_HOST = "$(BUNDLE_LOADER)";
				WRAPPER_EXTENSION = xctest;
			};
			name = Debug;
		};
		527B7F3D18CF153A0027F4BE /* Release */ = {
			isa = XCBuildConfiguration;
			buildSettings = {
				ARCHS = "$(ARCHS_STANDARD_INCLUDING_64_BIT)";
				BUNDLE_LOADER = "$(BUILT_PRODUCTS_DIR)/demo.app/demo";
				FRAMEWORK_SEARCH_PATHS = (
					"$(SDKROOT)/Developer/Library/Frameworks",
					"$(inherited)",
					"$(DEVELOPER_FRAMEWORKS_DIR)",
				);
				GCC_PRECOMPILE_PREFIX_HEADER = YES;
				GCC_PREFIX_HEADER = "demo/demo-Prefix.pch";
				INFOPLIST_FILE = "demoTests/demoTests-Info.plist";
				PRODUCT_NAME = "$(TARGET_NAME)";
				TEST_HOST = "$(BUNDLE_LOADER)";
				WRAPPER_EXTENSION = xctest;
			};
			name = Release;
		};
/* End XCBuildConfiguration section */

/* Begin XCConfigurationList section */
		527B7EFE18CF153A0027F4BE /* Build configuration list for PBXProject "demo" */ = {
			isa = XCConfigurationList;
			buildConfigurations = (
				527B7F3618CF153A0027F4BE /* Debug */,
				527B7F3718CF153A0027F4BE /* Release */,
			);
			defaultConfigurationIsVisible = 0;
			defaultConfigurationName = Release;
		};
		527B7F3818CF153A0027F4BE /* Build configuration list for PBXNativeTarget "demo" */ = {
			isa = XCConfigurationList;
			buildConfigurations = (
				527B7F3918CF153A0027F4BE /* Debug */,
				527B7F3A18CF153A0027F4BE /* Release */,
			);
			defaultConfigurationIsVisible = 0;
			defaultConfigurationName = Release;
		};
		527B7F3B18CF153A0027F4BE /* Build configuration list for PBXNativeTarget "demoTests" */ = {
			isa = XCConfigurationList;
			buildConfigurations = (
				527B7F3C18CF153A0027F4BE /* Debug */,
				527B7F3D18CF153A0027F4BE /* Release */,
			);
			defaultConfigurationIsVisible = 0;
			defaultConfigurationName = Release;
		};
/* End XCConfigurationList section */
	};
	rootObject = 527B7EFB18CF153A0027F4BE /* Project object */;
}
